{
  "nodes": {
    "nixpkgs": {
      "locked": {
        "lastModified": 1720217796,
        "narHash": "sha256-gxABRrAkpxeQDXFnVLAcR4oqJ2wAxMxI6WrCFewpZwQ=",
        "owner": "NixOS",
        "repo": "nixpkgs",
        "rev": "1381f815eea0934dc88e5a72f21bc26431d33593",
        "type": "github"
      },
      "original": {
        "id": "nixpkgs",
        "ref": "release-24.05",
        "type": "indirect"
      }
    },
    "root": {
      "inputs": {
        "nixpkgs": "nixpkgs"
      }
    }
  },
  "root": "root",
  "version": 7
}
